
Microsoft Visual Studio Solution File, Format Version 12.00
# Visual Studio Version 16
VisualStudioVersion = 16.0.30804.86
MinimumVisualStudioVersion = 10.0.40219.1
Project("{FAE04EC0-301F-11D3-BF4B-00C04F79EFBC}") = "Voyage_Guide", "Voyage_Guide\Voyage_Guide.csproj", "{B9A474AE-1A68-4DBA-B4EA-560AD7C457B9}"
EndProject
Project("{FAE04EC0-301F-11D3-BF4B-00C04F79EFBC}") = "Voyage_Guide_Client", "Voyage_Guide_Client\Voyage_Guide_Client.csproj", "{ABD359F9-3DE7-48D0-B8EF-3313DE82C34C}"
EndProject
Global
	GlobalSection(SolutionConfigurationPlatforms) = preSolution
		Debug|Any CPU = Debug|Any CPU
		Release|Any CPU = Release|Any CPU
	EndGlobalSection
	GlobalSection(ProjectConfigurationPlatforms) = postSolution
		{B9A474AE-1A68-4DBA-B4EA-560AD7C457B9}.Debug|Any CPU.ActiveCfg = Debug|Any CPU
		{B9A474AE-1A68-4DBA-B4EA-560AD7C457B9}.Debug|Any CPU.Build.0 = Debug|Any CPU
		{B9A474AE-1A68-4DBA-B4EA-560AD7C457B9}.Release|Any CPU.ActiveCfg = Release|Any CPU
		{B9A474AE-1A68-4DBA-B4EA-560AD7C457B9}.Release|Any CPU.Build.0 = Release|Any CPU
		{ABD359F9-3DE7-48D0-B8EF-3313DE82C34C}.Debug|Any CPU.ActiveCfg = Debug|Any CPU
		{ABD359F9-3DE7-48D0-B8EF-3313DE82C34C}.Debug|Any CPU.Build.0 = Debug|Any CPU
		{ABD359F9-3DE7-48D0-B8EF-3313DE82C34C}.Release|Any CPU.ActiveCfg = Release|Any CPU
		{ABD359F9-3DE7-48D0-B8EF-3313DE82C34C}.Release|Any CPU.Build.0 = Release|Any CPU
	EndGlobalSection
	GlobalSection(SolutionProperties) = preSolution
		HideSolutionNode = FALSE
	EndGlobalSection
	GlobalSection(ExtensibilityGlobals) = postSolution
		SolutionGuid = {5E07BA1D-6524-4B3D-8FDF-BA74B628BD5A}
	EndGlobalSection
EndGlobal
